<?xml version="1.0" encoding="utf-8"?>
<Project ToolsVersion="4.0" xmlns="http://schemas.microsoft.com/developer/msbuild/2003">
  <ItemGroup>
    <Filter Include="include">
      <UniqueIdentifier>{0a5b4395-c0dc-4854-92d4-f5f033734983}</UniqueIdentifier>
    </Filter>
    <Filter Include="src">
      <UniqueIdentifier>{d816cc59-bd1d-4e18-8d7f-eb4f71ca634d}</UniqueIdentifier>
    </Filter>
    <Filter Include="include\entities">
      <UniqueIdentifier>{d7bc70ce-1cd3-43f9-970d-1de79937c3d3}</UniqueIdentifier>
    </Filter>
    <Filter Include="src\entities">
      <UniqueIdentifier>{9c6535a6-a489-4bbe-ba48-33b89ba9d564}</UniqueIdentifier>
    </Filter>
  </ItemGroup>
  <ItemGroup>
    <ClInclude Include="..\..\database\include\connection.h">
      <Filter>include</Filter>
    </ClInclude>
    <ClInclude Include="..\..\database\include\statement.h">
      <Filter>include</Filter>
    </ClInclude>
    <ClInclude Include="..\..\database\include\database.h">
      <Filter>include</Filter>
    </ClInclude>
    <ClInclude Include="..\..\database\include\row.h">
      <Filter>include</Filter>
    </ClInclude>
    <ClInclude Include="..\..\database\include\entities\game.h">
      <Filter>include\entities</Filter>
    </ClInclude>
    <ClInclude Include="..\..\database\include\entities\platform.h">
      <Filter>include\entities</Filter>
    </ClInclude>
    <ClInclude Include="..\..\database\include\entities\emulator.h">
      <Filter>include\entities</Filter>
    </ClInclude>
    <ClInclude Include="..\..\database\include\entities\scrapergame.h">
      <Filter>include\entities</Filter>
    </ClInclude>
    <ClInclude Include="..\..\database\include\entities\extension.h">
      <Filter>include\entities</Filter>
    </ClInclude>
    <ClInclude Include="..\..\database\include\entities\gamedeveloper.h">
      <Filter>include\entities</Filter>
    </ClInclude>
    <ClInclude Include="..\..\database\include\entities\gamegenre.h">
      <Filter>include\entities</Filter>
    </ClInclude>
    <ClInclude Include="..\..\database\include\entities\gamepublisher.h">
      <Filter>include\entities</Filter>
    </ClInclude>
  </ItemGroup>
  <ItemGroup>
    <ClCompile Include="..\..\database\src\connection.cpp">
      <Filter>src</Filter>
    </ClCompile>
    <ClCompile Include="..\..\database\src\statement.cpp">
      <Filter>src</Filter>
    </ClCompile>
    <ClCompile Include="..\..\database\src\row.cpp">
      <Filter>src</Filter>
    </ClCompile>
    <ClCompile Include="..\..\database\src\entities\game.cpp">
      <Filter>src\entities</Filter>
    </ClCompile>
    <ClCompile Include="..\..\database\src\entities\platform.cpp">
      <Filter>src\entities</Filter>
    </ClCompile>
    <ClCompile Include="..\..\database\src\entities\emulator.cpp">
      <Filter>src\entities</Filter>
    </ClCompile>
    <ClCompile Include="..\..\database\src\entities\scrapergame.cpp">
      <Filter>src\entities</Filter>
    </ClCompile>
    <ClCompile Include="..\..\database\src\entities\extensions.cpp">
      <Filter>src\entities</Filter>
    </ClCompile>
  </ItemGroup>
</Project>