<?xml version="1.0" encoding="utf-8"?>
<Project ToolsVersion="4.0" xmlns="http://schemas.microsoft.com/developer/msbuild/2003">
  <ItemGroup>
    <Filter Include="include">
      <UniqueIdentifier>{0a5b4395-c0dc-4854-92d4-f5f033734983}</UniqueIdentifier>
    </Filter>
    <Filter Include="src">
      <UniqueIdentifier>{d816cc59-bd1d-4e18-8d7f-eb4f71ca634d}</UniqueIdentifier>
    </Filter>
  </ItemGroup>
  <ItemGroup>
    <ClInclude Include="..\..\database\include\connection.h">
      <Filter>include</Filter>
    </ClInclude>
    <ClInclude Include="..\..\database\include\statement.h">
      <Filter>include</Filter>
    </ClInclude>
    <ClInclude Include="..\..\database\include\database.h">
      <Filter>include</Filter>
    </ClInclude>
  </ItemGroup>
  <ItemGroup>
    <ClCompile Include="..\..\database\src\connection.cpp">
      <Filter>src</Filter>
    </ClCompile>
    <ClCompile Include="..\..\database\src\statement.cpp">
      <Filter>src</Filter>
    </ClCompile>
  </ItemGroup>
</Project>