<?xml version="1.0" encoding="utf-8"?>
<Project ToolsVersion="4.0" xmlns="http://schemas.microsoft.com/developer/msbuild/2003">
  <ItemGroup>
    <Filter Include="include">
      <UniqueIdentifier>{3e8b83e0-9848-481c-bffe-e6de169c3dcd}</UniqueIdentifier>
    </Filter>
    <Filter Include="src">
      <UniqueIdentifier>{8bd051c3-5f2c-465f-893c-e86486f3b9bd}</UniqueIdentifier>
    </Filter>
    <Filter Include="data">
      <UniqueIdentifier>{3e7284c0-1b99-44b2-88da-55a6fdb97bf3}</UniqueIdentifier>
    </Filter>
    <Filter Include="include\graphics">
      <UniqueIdentifier>{d72ac01a-cad5-4cbe-852d-a4df0c502869}</UniqueIdentifier>
    </Filter>
    <Filter Include="src\graphics">
      <UniqueIdentifier>{ce7b14d6-20bb-4d49-95ab-af66cebc14c8}</UniqueIdentifier>
    </Filter>
    <Filter Include="include\interface">
      <UniqueIdentifier>{e99e3f7d-c165-4f5f-b64c-c55e85594611}</UniqueIdentifier>
    </Filter>
    <Filter Include="src\interface">
      <UniqueIdentifier>{894f2a87-7e63-4388-b623-28ee7cd9e1bd}</UniqueIdentifier>
    </Filter>
    <Filter Include="lib">
      <UniqueIdentifier>{c8cb27d9-e549-475d-9135-02d7a869a707}</UniqueIdentifier>
    </Filter>
    <Filter Include="include\control">
      <UniqueIdentifier>{2cced075-70e6-4b5d-afe5-d03c89168e18}</UniqueIdentifier>
    </Filter>
    <Filter Include="src\control">
      <UniqueIdentifier>{3d1f8240-c70f-40b9-8ba3-c99ee649b97d}</UniqueIdentifier>
    </Filter>
  </ItemGroup>
  <ItemGroup>
    <ClCompile Include="..\..\core\src\main.cpp">
      <Filter>src</Filter>
    </ClCompile>
    <ClCompile Include="..\..\core\src\graphics\texturebuffer.cpp">
      <Filter>src\graphics</Filter>
    </ClCompile>
    <ClCompile Include="..\..\core\src\graphics\sprite.cpp">
      <Filter>src\graphics</Filter>
    </ClCompile>
    <ClCompile Include="..\..\core\src\interface\button.cpp">
      <Filter>src\interface</Filter>
    </ClCompile>
    <ClCompile Include="..\..\core\src\interface\widget.cpp">
      <Filter>src\interface</Filter>
    </ClCompile>
    <ClCompile Include="..\..\core\src\interface\layout.cpp">
      <Filter>src\interface</Filter>
    </ClCompile>
    <ClCompile Include="..\..\core\src\graphics\font.cpp">
      <Filter>src\graphics</Filter>
    </ClCompile>
    <ClCompile Include="..\..\core\src\graphics\texture.cpp">
      <Filter>src\graphics</Filter>
    </ClCompile>
    <ClCompile Include="..\..\core\src\graphics\text.cpp">
      <Filter>src\graphics</Filter>
    </ClCompile>
    <ClCompile Include="..\..\core\src\interface\label.cpp">
      <Filter>src\interface</Filter>
    </ClCompile>
    <ClCompile Include="..\..\core\src\graphics\fontbuffer.cpp">
      <Filter>src\graphics</Filter>
    </ClCompile>
    <ClCompile Include="..\..\core\src\interface\paragraph.cpp">
      <Filter>src\interface</Filter>
    </ClCompile>
    <ClCompile Include="..\..\core\src\interface\menu.cpp">
      <Filter>src\interface</Filter>
    </ClCompile>
    <ClCompile Include="..\..\core\src\gamemenu.cpp">
      <Filter>src</Filter>
    </ClCompile>
    <ClCompile Include="..\..\core\src\interface\labeledbutton.cpp">
      <Filter>src\interface</Filter>
    </ClCompile>
    <ClCompile Include="..\..\core\src\control\virtualgamepad.cpp">
      <Filter>src\control</Filter>
    </ClCompile>
    <ClCompile Include="..\..\core\src\interface\window.cpp">
      <Filter>src\interface</Filter>
    </ClCompile>
    <ClCompile Include="..\..\core\src\mainwindow.cpp">
      <Filter>src</Filter>
    </ClCompile>
  </ItemGroup>
  <ItemGroup>
    <ClInclude Include="..\..\core\include\graphics\texturebuffer.h">
      <Filter>include\graphics</Filter>
    </ClInclude>
    <ClInclude Include="..\..\core\include\graphics\sprite.h">
      <Filter>include\graphics</Filter>
    </ClInclude>
    <ClInclude Include="..\..\core\include\interface\widget.h">
      <Filter>include\interface</Filter>
    </ClInclude>
    <ClInclude Include="..\..\core\include\interface\button.h">
      <Filter>include\interface</Filter>
    </ClInclude>
    <ClInclude Include="..\..\core\include\interface\layout.h">
      <Filter>include\interface</Filter>
    </ClInclude>
    <ClInclude Include="..\..\core\include\graphics\font.h">
      <Filter>include\graphics</Filter>
    </ClInclude>
    <ClInclude Include="..\..\core\include\graphics\texture.h">
      <Filter>include\graphics</Filter>
    </ClInclude>
    <ClInclude Include="..\..\core\include\graphics\text.h">
      <Filter>include\graphics</Filter>
    </ClInclude>
    <ClInclude Include="..\..\core\include\interface\label.h">
      <Filter>include\interface</Filter>
    </ClInclude>
    <ClInclude Include="..\..\core\include\graphics\fontbuffer.h">
      <Filter>include\graphics</Filter>
    </ClInclude>
    <ClInclude Include="..\..\core\include\interface\paragraph.h">
      <Filter>include\interface</Filter>
    </ClInclude>
    <ClInclude Include="..\..\core\include\interface\menu.h">
      <Filter>include\interface</Filter>
    </ClInclude>
    <ClInclude Include="..\..\core\include\gamemenu.h">
      <Filter>include</Filter>
    </ClInclude>
    <ClInclude Include="..\..\core\include\interface\labeledbutton.h">
      <Filter>include\interface</Filter>
    </ClInclude>
    <ClInclude Include="..\..\core\include\control\virtualgamepad.h">
      <Filter>include\control</Filter>
    </ClInclude>
    <ClInclude Include="..\..\core\include\interface\window.h">
      <Filter>include\interface</Filter>
    </ClInclude>
    <ClInclude Include="..\..\core\include\mainwindow.h">
      <Filter>include</Filter>
    </ClInclude>
  </ItemGroup>
  <ItemGroup>
    <Library Include="..\x64\Debug\database.lib">
      <Filter>lib</Filter>
    </Library>
    <Library Include="..\x64\Debug\api-service.lib">
      <Filter>lib</Filter>
    </Library>
  </ItemGroup>
</Project>