
Microsoft Visual Studio Solution File, Format Version 12.00
# Visual Studio Version 16
VisualStudioVersion = 16.0.30309.148
MinimumVisualStudioVersion = 10.0.40219.1
Project("{8BC9CEB8-8B4A-11D0-8D11-00A0C91BC942}") = "tests", "tests\tests.vcxproj", "{AAEBCD38-2D15-472E-855D-B5EA285DD0D5}"
EndProject
Project("{8BC9CEB8-8B4A-11D0-8D11-00A0C91BC942}") = "core", "core\core.vcxproj", "{D94B2CD0-1484-4F22-8D68-995F5F863599}"
EndProject
Project("{8BC9CEB8-8B4A-11D0-8D11-00A0C91BC942}") = "database", "database\database.vcxproj", "{8B7A3C23-FF6D-4366-9427-C5447A33F569}"
EndProject
Project("{8BC9CEB8-8B4A-11D0-8D11-00A0C91BC942}") = "api-service", "api-service\api-service.vcxproj", "{019549B4-8C87-4404-813A-F4312CAF5A66}"
EndProject
Global
	GlobalSection(SolutionConfigurationPlatforms) = preSolution
		Debug|x64 = Debug|x64
		Debug|x86 = Debug|x86
		Release|x64 = Release|x64
		Release|x86 = Release|x86
	EndGlobalSection
	GlobalSection(ProjectConfigurationPlatforms) = postSolution
		{AAEBCD38-2D15-472E-855D-B5EA285DD0D5}.Debug|x64.ActiveCfg = Debug|x64
		{AAEBCD38-2D15-472E-855D-B5EA285DD0D5}.Debug|x64.Build.0 = Debug|x64
		{AAEBCD38-2D15-472E-855D-B5EA285DD0D5}.Debug|x86.ActiveCfg = Debug|Win32
		{AAEBCD38-2D15-472E-855D-B5EA285DD0D5}.Debug|x86.Build.0 = Debug|Win32
		{AAEBCD38-2D15-472E-855D-B5EA285DD0D5}.Release|x64.ActiveCfg = Release|x64
		{AAEBCD38-2D15-472E-855D-B5EA285DD0D5}.Release|x64.Build.0 = Release|x64
		{AAEBCD38-2D15-472E-855D-B5EA285DD0D5}.Release|x86.ActiveCfg = Release|Win32
		{AAEBCD38-2D15-472E-855D-B5EA285DD0D5}.Release|x86.Build.0 = Release|Win32
		{D94B2CD0-1484-4F22-8D68-995F5F863599}.Debug|x64.ActiveCfg = Debug|x64
		{D94B2CD0-1484-4F22-8D68-995F5F863599}.Debug|x64.Build.0 = Debug|x64
		{D94B2CD0-1484-4F22-8D68-995F5F863599}.Debug|x86.ActiveCfg = Debug|Win32
		{D94B2CD0-1484-4F22-8D68-995F5F863599}.Debug|x86.Build.0 = Debug|Win32
		{D94B2CD0-1484-4F22-8D68-995F5F863599}.Release|x64.ActiveCfg = Release|x64
		{D94B2CD0-1484-4F22-8D68-995F5F863599}.Release|x64.Build.0 = Release|x64
		{D94B2CD0-1484-4F22-8D68-995F5F863599}.Release|x86.ActiveCfg = Release|Win32
		{D94B2CD0-1484-4F22-8D68-995F5F863599}.Release|x86.Build.0 = Release|Win32
		{8B7A3C23-FF6D-4366-9427-C5447A33F569}.Debug|x64.ActiveCfg = Debug|x64
		{8B7A3C23-FF6D-4366-9427-C5447A33F569}.Debug|x64.Build.0 = Debug|x64
		{8B7A3C23-FF6D-4366-9427-C5447A33F569}.Debug|x86.ActiveCfg = Debug|Win32
		{8B7A3C23-FF6D-4366-9427-C5447A33F569}.Debug|x86.Build.0 = Debug|Win32
		{8B7A3C23-FF6D-4366-9427-C5447A33F569}.Release|x64.ActiveCfg = Release|x64
		{8B7A3C23-FF6D-4366-9427-C5447A33F569}.Release|x64.Build.0 = Release|x64
		{8B7A3C23-FF6D-4366-9427-C5447A33F569}.Release|x86.ActiveCfg = Release|Win32
		{8B7A3C23-FF6D-4366-9427-C5447A33F569}.Release|x86.Build.0 = Release|Win32
		{019549B4-8C87-4404-813A-F4312CAF5A66}.Debug|x64.ActiveCfg = Debug|x64
		{019549B4-8C87-4404-813A-F4312CAF5A66}.Debug|x64.Build.0 = Debug|x64
		{019549B4-8C87-4404-813A-F4312CAF5A66}.Debug|x86.ActiveCfg = Debug|Win32
		{019549B4-8C87-4404-813A-F4312CAF5A66}.Debug|x86.Build.0 = Debug|Win32
		{019549B4-8C87-4404-813A-F4312CAF5A66}.Release|x64.ActiveCfg = Release|x64
		{019549B4-8C87-4404-813A-F4312CAF5A66}.Release|x64.Build.0 = Release|x64
		{019549B4-8C87-4404-813A-F4312CAF5A66}.Release|x86.ActiveCfg = Release|Win32
		{019549B4-8C87-4404-813A-F4312CAF5A66}.Release|x86.Build.0 = Release|Win32
	EndGlobalSection
	GlobalSection(SolutionProperties) = preSolution
		HideSolutionNode = FALSE
	EndGlobalSection
	GlobalSection(ExtensibilityGlobals) = postSolution
		SolutionGuid = {55DF107B-44FD-4888-A476-D3D95D915CBF}
	EndGlobalSection
EndGlobal
